
Microsoft Visual Studio Solution File, Format Version 12.00
# Visual Studio Version 17
VisualStudioVersion = 17.7.34024.191
MinimumVisualStudioVersion = 10.0.40219.1
Project("{8BC9CEB8-8B4A-11D0-8D11-00A0C91BC942}") = "0.6. Road Destruction", "0.6. Road Destruction\0.6. Road Destruction.vcxproj", "{95FF2CF6-2061-4A53-8019-0434B5147289}"
EndProject
Global
	GlobalSection(SolutionConfigurationPlatforms) = preSolution
		Debug|x64 = Debug|x64
		Debug|x86 = Debug|x86
		Release|x64 = Release|x64
		Release|x86 = Release|x86
	EndGlobalSection
	GlobalSection(ProjectConfigurationPlatforms) = postSolution
		{95FF2CF6-2061-4A53-8019-0434B5147289}.Debug|x64.ActiveCfg = Debug|x64
		{95FF2CF6-2061-4A53-8019-0434B5147289}.Debug|x64.Build.0 = Debug|x64
		{95FF2CF6-2061-4A53-8019-0434B5147289}.Debug|x86.ActiveCfg = Debug|Win32
		{95FF2CF6-2061-4A53-8019-0434B5147289}.Debug|x86.Build.0 = Debug|Win32
		{95FF2CF6-2061-4A53-8019-0434B5147289}.Release|x64.ActiveCfg = Release|x64
		{95FF2CF6-2061-4A53-8019-0434B5147289}.Release|x64.Build.0 = Release|x64
		{95FF2CF6-2061-4A53-8019-0434B5147289}.Release|x86.ActiveCfg = Release|Win32
		{95FF2CF6-2061-4A53-8019-0434B5147289}.Release|x86.Build.0 = Release|Win32
	EndGlobalSection
	GlobalSection(SolutionProperties) = preSolution
		HideSolutionNode = FALSE
	EndGlobalSection
	GlobalSection(ExtensibilityGlobals) = postSolution
		SolutionGuid = {D7F76677-94E4-4CCD-A3E0-CCECE0395358}
	EndGlobalSection
EndGlobal
