
Microsoft Visual Studio Solution File, Format Version 12.00
# Visual Studio Version 17
VisualStudioVersion = 17.7.34024.191
MinimumVisualStudioVersion = 10.0.40219.1
Project("{8BC9CEB8-8B4A-11D0-8D11-00A0C91BC942}") = "0.3. Build adjacency list", "0.3. Build adjacency list\0.3. Build adjacency list.vcxproj", "{C3DD3C0E-BF2E-4F27-B1B0-A93D46707A9F}"
EndProject
Global
	GlobalSection(SolutionConfigurationPlatforms) = preSolution
		Debug|x64 = Debug|x64
		Debug|x86 = Debug|x86
		Release|x64 = Release|x64
		Release|x86 = Release|x86
	EndGlobalSection
	GlobalSection(ProjectConfigurationPlatforms) = postSolution
		{C3DD3C0E-BF2E-4F27-B1B0-A93D46707A9F}.Debug|x64.ActiveCfg = Debug|x64
		{C3DD3C0E-BF2E-4F27-B1B0-A93D46707A9F}.Debug|x64.Build.0 = Debug|x64
		{C3DD3C0E-BF2E-4F27-B1B0-A93D46707A9F}.Debug|x86.ActiveCfg = Debug|Win32
		{C3DD3C0E-BF2E-4F27-B1B0-A93D46707A9F}.Debug|x86.Build.0 = Debug|Win32
		{C3DD3C0E-BF2E-4F27-B1B0-A93D46707A9F}.Release|x64.ActiveCfg = Release|x64
		{C3DD3C0E-BF2E-4F27-B1B0-A93D46707A9F}.Release|x64.Build.0 = Release|x64
		{C3DD3C0E-BF2E-4F27-B1B0-A93D46707A9F}.Release|x86.ActiveCfg = Release|Win32
		{C3DD3C0E-BF2E-4F27-B1B0-A93D46707A9F}.Release|x86.Build.0 = Release|Win32
	EndGlobalSection
	GlobalSection(SolutionProperties) = preSolution
		HideSolutionNode = FALSE
	EndGlobalSection
	GlobalSection(ExtensibilityGlobals) = postSolution
		SolutionGuid = {B51DA4CB-7029-41F4-B726-949FEA7D3FB2}
	EndGlobalSection
EndGlobal
