
Microsoft Visual Studio Solution File, Format Version 12.00
# Visual Studio Version 17
VisualStudioVersion = 17.7.34024.191
MinimumVisualStudioVersion = 10.0.40219.1
Project("{8BC9CEB8-8B4A-11D0-8D11-00A0C91BC942}") = "BFS (Breadth-First Search)", "BFS (Breadth-First Search)\BFS (Breadth-First Search).vcxproj", "{1DE8FD40-41D5-4574-8C09-C0D32D2C8CBB}"
EndProject
Global
	GlobalSection(SolutionConfigurationPlatforms) = preSolution
		Debug|x64 = Debug|x64
		Debug|x86 = Debug|x86
		Release|x64 = Release|x64
		Release|x86 = Release|x86
	EndGlobalSection
	GlobalSection(ProjectConfigurationPlatforms) = postSolution
		{1DE8FD40-41D5-4574-8C09-C0D32D2C8CBB}.Debug|x64.ActiveCfg = Debug|x64
		{1DE8FD40-41D5-4574-8C09-C0D32D2C8CBB}.Debug|x64.Build.0 = Debug|x64
		{1DE8FD40-41D5-4574-8C09-C0D32D2C8CBB}.Debug|x86.ActiveCfg = Debug|Win32
		{1DE8FD40-41D5-4574-8C09-C0D32D2C8CBB}.Debug|x86.Build.0 = Debug|Win32
		{1DE8FD40-41D5-4574-8C09-C0D32D2C8CBB}.Release|x64.ActiveCfg = Release|x64
		{1DE8FD40-41D5-4574-8C09-C0D32D2C8CBB}.Release|x64.Build.0 = Release|x64
		{1DE8FD40-41D5-4574-8C09-C0D32D2C8CBB}.Release|x86.ActiveCfg = Release|Win32
		{1DE8FD40-41D5-4574-8C09-C0D32D2C8CBB}.Release|x86.Build.0 = Release|Win32
	EndGlobalSection
	GlobalSection(SolutionProperties) = preSolution
		HideSolutionNode = FALSE
	EndGlobalSection
	GlobalSection(ExtensibilityGlobals) = postSolution
		SolutionGuid = {126F1AE8-7817-4F7F-91BF-2F10385044F6}
	EndGlobalSection
EndGlobal
